{
  "name": "static",
  "lockfileVersion": 2,
  "requires": true,
  "packages": {
    "": {
      "dependencies": {
        "agora-rtc-sdk-ng": "^4.12.0"
      }
    },
    "node_modules/agora-rtc-sdk-ng": {
      "version": "4.12.0",
      "resolved": "https://registry.npmjs.org/agora-rtc-sdk-ng/-/agora-rtc-sdk-ng-4.12.0.tgz",
      "integrity": "sha512-lKL6PTw6PPzIX52Eq7Awq+oQdZR5y2DnA9RIpD+Gv+Srr5JsrCbh7eA+9KrOnncEPGOlraz/Phx3GZuGyFAMPA==",
      "dependencies": {
        "agora-rte-extension": "^1.0.22"
      }
    },
    "node_modules/agora-rte-extension": {
      "version": "1.0.23",
      "resolved": "https://registry.npmjs.org/agora-rte-extension/-/agora-rte-extension-1.0.23.tgz",
      "integrity": "sha512-X2cGBg+L5ZJIFU91qvMASvRsBfg1HXTktVG3YROw9wxHsILSI7jgF9R9XraLc3fNX/UjovaYAlUW+hiJe0v6Xw=="
    }
  },
  "dependencies": {
    "agora-rtc-sdk-ng": {
      "version": "4.12.0",
      "resolved": "https://registry.npmjs.org/agora-rtc-sdk-ng/-/agora-rtc-sdk-ng-4.12.0.tgz",
      "integrity": "sha512-lKL6PTw6PPzIX52Eq7Awq+oQdZR5y2DnA9RIpD+Gv+Srr5JsrCbh7eA+9KrOnncEPGOlraz/Phx3GZuGyFAMPA==",
      "requires": {
        "agora-rte-extension": "^1.0.22"
      }
    },
    "agora-rte-extension": {
      "version": "1.0.23",
      "resolved": "https://registry.npmjs.org/agora-rte-extension/-/agora-rte-extension-1.0.23.tgz",
      "integrity": "sha512-X2cGBg+L5ZJIFU91qvMASvRsBfg1HXTktVG3YROw9wxHsILSI7jgF9R9XraLc3fNX/UjovaYAlUW+hiJe0v6Xw=="
    }
  }
}
